{
  "requires": true,
  "lockfileVersion": 1,
  "dependencies": {
    "vuetify": {
      "version": "3.0.0-alpha.11",
      "resolved": "https://registry.npmjs.org/vuetify/-/vuetify-3.0.0-alpha.11.tgz",
      "integrity": "sha512-dJ1sJqcRPt5yNngCzv22vtFFh3o3/ZsQkOxbKeAzoGBYeYMUl8SruQUN/nC9plW7rxQFFVIp/ozcYsJmiZmgtA=="
    }
  }
}
